
Microsoft Visual Studio Solution File, Format Version 12.00
# Visual Studio Version 17
VisualStudioVersion = 17.14.36908.2 d17.14
MinimumVisualStudioVersion = 10.0.40219.1
Project("{FAE04EC0-301F-11D3-BF4B-00C04F79EFBC}") = "Bevera", "Bevera\Bevera.csproj", "{4D8F1C20-8B32-48C9-902F-BE7B81125736}"
EndProject
Global
	GlobalSection(SolutionConfigurationPlatforms) = preSolution
		Debug|Any CPU = Debug|Any CPU
		Release|Any CPU = Release|Any CPU
	EndGlobalSection
	GlobalSection(ProjectConfigurationPlatforms) = postSolution
		{4D8F1C20-8B32-48C9-902F-BE7B81125736}.Debug|Any CPU.ActiveCfg = Debug|Any CPU
		{4D8F1C20-8B32-48C9-902F-BE7B81125736}.Debug|Any CPU.Build.0 = Debug|Any CPU
		{4D8F1C20-8B32-48C9-902F-BE7B81125736}.Release|Any CPU.ActiveCfg = Release|Any CPU
		{4D8F1C20-8B32-48C9-902F-BE7B81125736}.Release|Any CPU.Build.0 = Release|Any CPU
	EndGlobalSection
	GlobalSection(SolutionProperties) = preSolution
		HideSolutionNode = FALSE
	EndGlobalSection
	GlobalSection(ExtensibilityGlobals) = postSolution
		SolutionGuid = {C8CEF6E6-F24E-4F23-ABC3-B9A21020173A}
	EndGlobalSection
EndGlobal
